
Microsoft Visual Studio Solution File, Format Version 12.00
# Visual Studio Version 17
VisualStudioVersion = 17.0.31903.59
MinimumVisualStudioVersion = 10.0.40219.1
Project("{2150E333-8FDC-42A3-9474-1A3956D46DE8}") = "PostService", "PostService", "{BB429665-CFE0-863B-50AA-9F7CFC15E9B0}"
EndProject
Project("{FAE04EC0-301F-11D3-BF4B-00C04F79EFBC}") = "Waggle.PostService", "PostService\Waggle.PostService.csproj", "{92E013A6-5927-4DA7-B859-50C5F58BBE89}"
EndProject
Global
	GlobalSection(SolutionConfigurationPlatforms) = preSolution
		Debug|Any CPU = Debug|Any CPU
		Debug|x64 = Debug|x64
		Debug|x86 = Debug|x86
		Release|Any CPU = Release|Any CPU
		Release|x64 = Release|x64
		Release|x86 = Release|x86
	EndGlobalSection
	GlobalSection(ProjectConfigurationPlatforms) = postSolution
		{92E013A6-5927-4DA7-B859-50C5F58BBE89}.Debug|Any CPU.ActiveCfg = Debug|Any CPU
		{92E013A6-5927-4DA7-B859-50C5F58BBE89}.Debug|Any CPU.Build.0 = Debug|Any CPU
		{92E013A6-5927-4DA7-B859-50C5F58BBE89}.Debug|x64.ActiveCfg = Debug|Any CPU
		{92E013A6-5927-4DA7-B859-50C5F58BBE89}.Debug|x64.Build.0 = Debug|Any CPU
		{92E013A6-5927-4DA7-B859-50C5F58BBE89}.Debug|x86.ActiveCfg = Debug|Any CPU
		{92E013A6-5927-4DA7-B859-50C5F58BBE89}.Debug|x86.Build.0 = Debug|Any CPU
		{92E013A6-5927-4DA7-B859-50C5F58BBE89}.Release|Any CPU.ActiveCfg = Release|Any CPU
		{92E013A6-5927-4DA7-B859-50C5F58BBE89}.Release|Any CPU.Build.0 = Release|Any CPU
		{92E013A6-5927-4DA7-B859-50C5F58BBE89}.Release|x64.ActiveCfg = Release|Any CPU
		{92E013A6-5927-4DA7-B859-50C5F58BBE89}.Release|x64.Build.0 = Release|Any CPU
		{92E013A6-5927-4DA7-B859-50C5F58BBE89}.Release|x86.ActiveCfg = Release|Any CPU
		{92E013A6-5927-4DA7-B859-50C5F58BBE89}.Release|x86.Build.0 = Release|Any CPU
	EndGlobalSection
	GlobalSection(SolutionProperties) = preSolution
		HideSolutionNode = FALSE
	EndGlobalSection
	GlobalSection(NestedProjects) = preSolution
		{92E013A6-5927-4DA7-B859-50C5F58BBE89} = {BB429665-CFE0-863B-50AA-9F7CFC15E9B0}
	EndGlobalSection
EndGlobal
