dependencies:
- name: authservice
  repository: file://charts/authservice
  version: 0.1.0
- name: mediaservice
  repository: file://charts/mediaservice
  version: 0.1.0
- name: postservice
  repository: file://charts/postservice
  version: 0.1.0
- name: userservice
  repository: file://charts/userservice
  version: 0.1.0
- name: web
  repository: file://charts/web
  version: 0.1.0
digest: sha256:757e939b7227d2ae44aee5d8d9f7cdab4f540d407dbce3e7ad73857034a27f7e
generated: "2025-12-09T18:47:07.3270771+01:00"
