
Microsoft Visual Studio Solution File, Format Version 12.00
# Visual Studio Version 17
VisualStudioVersion = 17.14.36811.4 d17.14
MinimumVisualStudioVersion = 10.0.40219.1
Project("{FAE04EC0-301F-11D3-BF4B-00C04F79EFBC}") = "Waggle.NotificationWorker", "Waggle.NotificationWorker.csproj", "{AB0DB9A8-F523-4B56-B537-197F49F52F28}"
EndProject
Global
	GlobalSection(SolutionConfigurationPlatforms) = preSolution
		Debug|Any CPU = Debug|Any CPU
		Release|Any CPU = Release|Any CPU
	EndGlobalSection
	GlobalSection(ProjectConfigurationPlatforms) = postSolution
		{AB0DB9A8-F523-4B56-B537-197F49F52F28}.Debug|Any CPU.ActiveCfg = Debug|Any CPU
		{AB0DB9A8-F523-4B56-B537-197F49F52F28}.Debug|Any CPU.Build.0 = Debug|Any CPU
		{AB0DB9A8-F523-4B56-B537-197F49F52F28}.Release|Any CPU.ActiveCfg = Release|Any CPU
		{AB0DB9A8-F523-4B56-B537-197F49F52F28}.Release|Any CPU.Build.0 = Release|Any CPU
	EndGlobalSection
	GlobalSection(SolutionProperties) = preSolution
		HideSolutionNode = FALSE
	EndGlobalSection
	GlobalSection(ExtensibilityGlobals) = postSolution
		SolutionGuid = {118743B7-127C-4925-BD81-074F0C24DDB5}
	EndGlobalSection
EndGlobal
