dependencies:
- name: prometheus
  repository: file://charts/prometheus
  version: 0.1.0
- name: loki
  repository: file://charts/loki
  version: 0.1.0
- name: promtail
  repository: file://charts/promtail
  version: 0.1.0
- name: fluent-bit
  repository: file://charts/fluent-bit
  version: 0.1.0
digest: sha256:c76a1d6e91df0a89143ceaa1611ee6e2699802544e57945e6b8125298cf75dfd
generated: "2026-01-08T18:18:14.9507463+01:00"
