
Microsoft Visual Studio Solution File, Format Version 12.00
# Visual Studio Version 17
VisualStudioVersion = 17.0.31903.59
MinimumVisualStudioVersion = 10.0.40219.1
Project("{2150E333-8FDC-42A3-9474-1A3956D46DE8}") = "FollowService", "FollowService", "{1C68D059-222C-EDD8-5EB0-57A58B2EE6C5}"
EndProject
Project("{FAE04EC0-301F-11D3-BF4B-00C04F79EFBC}") = "Waggle.FollowService", "FollowService\Waggle.FollowService.csproj", "{5DB0CFA1-B540-483E-895B-9F2E5048AB01}"
EndProject
Global
	GlobalSection(SolutionConfigurationPlatforms) = preSolution
		Debug|Any CPU = Debug|Any CPU
		Debug|x64 = Debug|x64
		Debug|x86 = Debug|x86
		Release|Any CPU = Release|Any CPU
		Release|x64 = Release|x64
		Release|x86 = Release|x86
	EndGlobalSection
	GlobalSection(ProjectConfigurationPlatforms) = postSolution
		{5DB0CFA1-B540-483E-895B-9F2E5048AB01}.Debug|Any CPU.ActiveCfg = Debug|Any CPU
		{5DB0CFA1-B540-483E-895B-9F2E5048AB01}.Debug|Any CPU.Build.0 = Debug|Any CPU
		{5DB0CFA1-B540-483E-895B-9F2E5048AB01}.Debug|x64.ActiveCfg = Debug|Any CPU
		{5DB0CFA1-B540-483E-895B-9F2E5048AB01}.Debug|x64.Build.0 = Debug|Any CPU
		{5DB0CFA1-B540-483E-895B-9F2E5048AB01}.Debug|x86.ActiveCfg = Debug|Any CPU
		{5DB0CFA1-B540-483E-895B-9F2E5048AB01}.Debug|x86.Build.0 = Debug|Any CPU
		{5DB0CFA1-B540-483E-895B-9F2E5048AB01}.Release|Any CPU.ActiveCfg = Release|Any CPU
		{5DB0CFA1-B540-483E-895B-9F2E5048AB01}.Release|Any CPU.Build.0 = Release|Any CPU
		{5DB0CFA1-B540-483E-895B-9F2E5048AB01}.Release|x64.ActiveCfg = Release|Any CPU
		{5DB0CFA1-B540-483E-895B-9F2E5048AB01}.Release|x64.Build.0 = Release|Any CPU
		{5DB0CFA1-B540-483E-895B-9F2E5048AB01}.Release|x86.ActiveCfg = Release|Any CPU
		{5DB0CFA1-B540-483E-895B-9F2E5048AB01}.Release|x86.Build.0 = Release|Any CPU
	EndGlobalSection
	GlobalSection(SolutionProperties) = preSolution
		HideSolutionNode = FALSE
	EndGlobalSection
	GlobalSection(NestedProjects) = preSolution
		{5DB0CFA1-B540-483E-895B-9F2E5048AB01} = {1C68D059-222C-EDD8-5EB0-57A58B2EE6C5}
	EndGlobalSection
EndGlobal
