dependencies:
- name: postgresql
  repository: https://charts.bitnami.com/bitnami
  version: 18.1.13
- name: postgresql
  repository: https://charts.bitnami.com/bitnami
  version: 18.1.13
- name: postgresql
  repository: https://charts.bitnami.com/bitnami
  version: 18.1.13
- name: minio-operator
  repository: https://charts.bitnami.com/bitnami
  version: 0.2.9
digest: sha256:297b847de78d87e6b1607eb16c2d9a78240923ac1538e0de5acd57537711e367
generated: "2025-12-09T19:52:15.5909882+01:00"
