dependencies:
- name: postgresql
  repository: https://charts.bitnami.com/bitnami
  version: 18.1.13
- name: postgresql
  repository: https://charts.bitnami.com/bitnami
  version: 18.1.13
- name: postgresql
  repository: https://charts.bitnami.com/bitnami
  version: 18.1.13
- name: minio
  repository: https://charts.bitnami.com/bitnami
  version: 17.0.21
digest: sha256:bdc5d529abc6e74daaae1aa3a6fc48623f6c030fbf372ad7b75eb556e9e839bf
generated: "2025-12-09T18:45:57.3900657+01:00"
